
Microsoft Visual Studio Solution File, Format Version 12.00
# Visual Studio Version 16
VisualStudioVersion = 16.0.30330.147
MinimumVisualStudioVersion = 10.0.40219.1
Project("{9A19103F-16F7-4668-BE54-9A1E7A4F7556}") = "FormularioCompleto", "FormularioCompleto.csproj", "{F90697E6-E80A-47F1-A023-5B4114E07A10}"
EndProject
Global
	GlobalSection(SolutionConfigurationPlatforms) = preSolution
		Debug|Any CPU = Debug|Any CPU
		Release|Any CPU = Release|Any CPU
	EndGlobalSection
	GlobalSection(ProjectConfigurationPlatforms) = postSolution
		{F90697E6-E80A-47F1-A023-5B4114E07A10}.Debug|Any CPU.ActiveCfg = Debug|Any CPU
		{F90697E6-E80A-47F1-A023-5B4114E07A10}.Debug|Any CPU.Build.0 = Debug|Any CPU
		{F90697E6-E80A-47F1-A023-5B4114E07A10}.Release|Any CPU.ActiveCfg = Release|Any CPU
		{F90697E6-E80A-47F1-A023-5B4114E07A10}.Release|Any CPU.Build.0 = Release|Any CPU
	EndGlobalSection
	GlobalSection(SolutionProperties) = preSolution
		HideSolutionNode = FALSE
	EndGlobalSection
	GlobalSection(ExtensibilityGlobals) = postSolution
		SolutionGuid = {91BF50B7-C174-46B2-9B13-51095FE8D961}
	EndGlobalSection
EndGlobal
